
Microsoft Visual Studio Solution File, Format Version 12.00
# Visual Studio Version 16
VisualStudioVersion = 16.0.29230.47
MinimumVisualStudioVersion = 10.0.40219.1
Project("{FAE04EC0-301F-11D3-BF4B-00C04F79EFBC}") = "IpScanApp", "WpfApplication1\IpScanApp.csproj", "{517979C6-E8D7-427E-9147-BC35A0D1D44D}"
EndProject
Project("{FAE04EC0-301F-11D3-BF4B-00C04F79EFBC}") = "TestIP", "TestIP\TestIP.csproj", "{B84D6486-C2DB-4CA1-A8C9-AE63D9E44B58}"
EndProject
Project("{FAE04EC0-301F-11D3-BF4B-00C04F79EFBC}") = "SortingTxt", "SortingTxt\SortingTxt.csproj", "{C81408DE-6C93-4349-AC39-D6540FAA953E}"
EndProject
Project("{FAE04EC0-301F-11D3-BF4B-00C04F79EFBC}") = "IPCameraScannerService", "IPCameraScannerService\IPCameraScannerService.csproj", "{BB0D3EAE-8F40-4D48-B2D1-28365DD03FBA}"
EndProject
Global
	GlobalSection(SolutionConfigurationPlatforms) = preSolution
		Debug|Any CPU = Debug|Any CPU
		Release|Any CPU = Release|Any CPU
	EndGlobalSection
	GlobalSection(ProjectConfigurationPlatforms) = postSolution
		{517979C6-E8D7-427E-9147-BC35A0D1D44D}.Debug|Any CPU.ActiveCfg = Debug|Any CPU
		{517979C6-E8D7-427E-9147-BC35A0D1D44D}.Debug|Any CPU.Build.0 = Debug|Any CPU
		{517979C6-E8D7-427E-9147-BC35A0D1D44D}.Release|Any CPU.ActiveCfg = Release|Any CPU
		{517979C6-E8D7-427E-9147-BC35A0D1D44D}.Release|Any CPU.Build.0 = Release|Any CPU
		{B84D6486-C2DB-4CA1-A8C9-AE63D9E44B58}.Debug|Any CPU.ActiveCfg = Debug|Any CPU
		{B84D6486-C2DB-4CA1-A8C9-AE63D9E44B58}.Debug|Any CPU.Build.0 = Debug|Any CPU
		{B84D6486-C2DB-4CA1-A8C9-AE63D9E44B58}.Release|Any CPU.ActiveCfg = Release|Any CPU
		{B84D6486-C2DB-4CA1-A8C9-AE63D9E44B58}.Release|Any CPU.Build.0 = Release|Any CPU
		{C81408DE-6C93-4349-AC39-D6540FAA953E}.Debug|Any CPU.ActiveCfg = Debug|Any CPU
		{C81408DE-6C93-4349-AC39-D6540FAA953E}.Debug|Any CPU.Build.0 = Debug|Any CPU
		{C81408DE-6C93-4349-AC39-D6540FAA953E}.Release|Any CPU.ActiveCfg = Release|Any CPU
		{C81408DE-6C93-4349-AC39-D6540FAA953E}.Release|Any CPU.Build.0 = Release|Any CPU
		{BB0D3EAE-8F40-4D48-B2D1-28365DD03FBA}.Debug|Any CPU.ActiveCfg = Debug|Any CPU
		{BB0D3EAE-8F40-4D48-B2D1-28365DD03FBA}.Debug|Any CPU.Build.0 = Debug|Any CPU
		{BB0D3EAE-8F40-4D48-B2D1-28365DD03FBA}.Release|Any CPU.ActiveCfg = Release|Any CPU
		{BB0D3EAE-8F40-4D48-B2D1-28365DD03FBA}.Release|Any CPU.Build.0 = Release|Any CPU
	EndGlobalSection
	GlobalSection(SolutionProperties) = preSolution
		HideSolutionNode = FALSE
	EndGlobalSection
	GlobalSection(ExtensibilityGlobals) = postSolution
		SolutionGuid = {BD7A43C0-9DDD-4DA6-B478-35C8D630AA72}
	EndGlobalSection
EndGlobal
